{
  "name": "quote_joomla",
  "version": "1.0.0",
  "lockfileVersion": 3,
  "requires": true,
  "packages": {
    "": {
      "name": "quote_joomla",
      "version": "1.0.0",
      "license": "MIT",
      "dependencies": {
        "joomla-cypress": "github:muhme/joomla-cypress#issue-9-fix-functions"
      }
    },
    "node_modules/joomla-cypress": {
      "version": "0.0.18",
      "resolved": "git+ssh://git@github.com/muhme/joomla-cypress.git#1e6f4511bf74a9c34aa23fbee7cfcb512c2c1116",
      "license": "GPL-2.0+"
    }
  }
}
